// !$*UTF8*$!
{
	archiveVersion = 1;
	classes = {
	};
	objectVersion = 50;
	objects = {

/* Begin PBXBuildFile section */
		D65496E4268CD133009249F5 /* HexagonParameters.swift in Sources */ = {isa = PBXBuildFile; fileRef = D65496E3268CD133009249F5 /* HexagonParameters.swift */; };
		D65496E6268CD3DA009249F5 /* BadgeBackground.swift in Sources */ = {isa = PBXBuildFile; fileRef = D65496E5268CD3DA009249F5 /* BadgeBackground.swift */; };
		D65496E8268CE31C009249F5 /* BadgeSymbol.swift in Sources */ = {isa = PBXBuildFile; fileRef = D65496E7268CE31C009249F5 /* BadgeSymbol.swift */; };
		D65496EA268CE439009249F5 /* RotateBadgeSymbol.swift in Sources */ = {isa = PBXBuildFile; fileRef = D65496E9268CE439009249F5 /* RotateBadgeSymbol.swift */; };
		D65496EE268CE4D4009249F5 /* Badge.swift in Sources */ = {isa = PBXBuildFile; fileRef = D65496ED268CE4D4009249F5 /* Badge.swift */; };
		D65496F0268CE689009249F5 /* hikeData.json in Resources */ = {isa = PBXBuildFile; fileRef = D65496EF268CE689009249F5 /* hikeData.json */; };
		D65496F4268CE6DB009249F5 /* Hike.swift in Sources */ = {isa = PBXBuildFile; fileRef = D65496F3268CE6DB009249F5 /* Hike.swift */; };
		D65496FA268CE818009249F5 /* GraphCapsule.swift in Sources */ = {isa = PBXBuildFile; fileRef = D65496F6268CE818009249F5 /* GraphCapsule.swift */; };
		D65496FB268CE818009249F5 /* HikeGraph.swift in Sources */ = {isa = PBXBuildFile; fileRef = D65496F7268CE818009249F5 /* HikeGraph.swift */; };
		D65496FC268CE818009249F5 /* HikeDetail.swift in Sources */ = {isa = PBXBuildFile; fileRef = D65496F8268CE818009249F5 /* HikeDetail.swift */; };
		D65496FD268CE818009249F5 /* HikeView.swift in Sources */ = {isa = PBXBuildFile; fileRef = D65496F9268CE818009249F5 /* HikeView.swift */; };
		D6549700268CEE9E009249F5 /* CategoryHome.swift in Sources */ = {isa = PBXBuildFile; fileRef = D65496FF268CEE9E009249F5 /* CategoryHome.swift */; };
		D6549702268CF050009249F5 /* CategoryRow.swift in Sources */ = {isa = PBXBuildFile; fileRef = D6549701268CF050009249F5 /* CategoryRow.swift */; };
		D6549704268CF34B009249F5 /* CategoryItem.swift in Sources */ = {isa = PBXBuildFile; fileRef = D6549703268CF34B009249F5 /* CategoryItem.swift */; };
		D6549706268CFB8B009249F5 /* Profile.swift in Sources */ = {isa = PBXBuildFile; fileRef = D6549705268CFB8B009249F5 /* Profile.swift */; };
		D6549709268CFBD4009249F5 /* ProfileHost.swift in Sources */ = {isa = PBXBuildFile; fileRef = D6549708268CFBD4009249F5 /* ProfileHost.swift */; };
		D654970B268CFC57009249F5 /* ProfileSummary.swift in Sources */ = {isa = PBXBuildFile; fileRef = D654970A268CFC57009249F5 /* ProfileSummary.swift */; };
		D654970D268CFD72009249F5 /* HikeBadge.swift in Sources */ = {isa = PBXBuildFile; fileRef = D654970C268CFD72009249F5 /* HikeBadge.swift */; };
		D654970F268D0247009249F5 /* ProfileEditor.swift in Sources */ = {isa = PBXBuildFile; fileRef = D654970E268D0247009249F5 /* ProfileEditor.swift */; };
		D6549712268D098F009249F5 /* PageViewController.swift in Sources */ = {isa = PBXBuildFile; fileRef = D6549711268D098F009249F5 /* PageViewController.swift */; };
		D6549714268D0AC3009249F5 /* FeaturedCard.swift in Sources */ = {isa = PBXBuildFile; fileRef = D6549713268D0AC3009249F5 /* FeaturedCard.swift */; };
		D6549716268D0B5D009249F5 /* PageView.swift in Sources */ = {isa = PBXBuildFile; fileRef = D6549715268D0B5D009249F5 /* PageView.swift */; };
		D6549718268D12BD009249F5 /* PageControl.swift in Sources */ = {isa = PBXBuildFile; fileRef = D6549717268D12BD009249F5 /* PageControl.swift */; };
		D656608F268C03340094A4DD /* FavoriteButton.swift in Sources */ = {isa = PBXBuildFile; fileRef = D656608E268C03340094A4DD /* FavoriteButton.swift */; };
		D6B141B1268B88CC00A97FA6 /* CircleImage.swift in Sources */ = {isa = PBXBuildFile; fileRef = D6B141B0268B88CC00A97FA6 /* CircleImage.swift */; };
		D6B141B3268B8AAD00A97FA6 /* MapView.swift in Sources */ = {isa = PBXBuildFile; fileRef = D6B141B2268B8AAD00A97FA6 /* MapView.swift */; };
		D6B141B5268B909B00A97FA6 /* landmarkData.json in Resources */ = {isa = PBXBuildFile; fileRef = D6B141B4268B909B00A97FA6 /* landmarkData.json */; };
		D6B141B9268B90F000A97FA6 /* Landmark.swift in Sources */ = {isa = PBXBuildFile; fileRef = D6B141B8268B90F000A97FA6 /* Landmark.swift */; };
		D6B141BB268B911900A97FA6 /* LandmarksApp.swift in Sources */ = {isa = PBXBuildFile; fileRef = D6B141BA268B911900A97FA6 /* LandmarksApp.swift */; };
		D6B141BD268BAA7800A97FA6 /* ModelData.swift in Sources */ = {isa = PBXBuildFile; fileRef = D6B141BC268BAA7800A97FA6 /* ModelData.swift */; };
		D6B141C2268BACF300A97FA6 /* LandmarkRow.swift in Sources */ = {isa = PBXBuildFile; fileRef = D6B141C1268BACF300A97FA6 /* LandmarkRow.swift */; };
		D6B141C4268BC97700A97FA6 /* LandmarkList.swift in Sources */ = {isa = PBXBuildFile; fileRef = D6B141C3268BC97700A97FA6 /* LandmarkList.swift */; };
		D6B141C6268BCBB300A97FA6 /* LandmarkDetail.swift in Sources */ = {isa = PBXBuildFile; fileRef = D6B141C5268BCBB300A97FA6 /* LandmarkDetail.swift */; };
		D6BA8C4C268B7ED300CC53DD /* ContentView.swift in Sources */ = {isa = PBXBuildFile; fileRef = D6BA8C4B268B7ED300CC53DD /* ContentView.swift */; };
		D6BA8C4E268B7ED400CC53DD /* Assets.xcassets in Resources */ = {isa = PBXBuildFile; fileRef = D6BA8C4D268B7ED400CC53DD /* Assets.xcassets */; };
		D6BA8C51268B7ED400CC53DD /* Preview Assets.xcassets in Resources */ = {isa = PBXBuildFile; fileRef = D6BA8C50268B7ED400CC53DD /* Preview Assets.xcassets */; };
/* End PBXBuildFile section */

/* Begin PBXFileReference section */
		D65496E3268CD133009249F5 /* HexagonParameters.swift */ = {isa = PBXFileReference; lastKnownFileType = sourcecode.swift; path = HexagonParameters.swift; sourceTree = "<group>"; };
		D65496E5268CD3DA009249F5 /* BadgeBackground.swift */ = {isa = PBXFileReference; lastKnownFileType = sourcecode.swift; path = BadgeBackground.swift; sourceTree = "<group>"; };
		D65496E7268CE31C009249F5 /* BadgeSymbol.swift */ = {isa = PBXFileReference; lastKnownFileType = sourcecode.swift; path = BadgeSymbol.swift; sourceTree = "<group>"; };
		D65496E9268CE439009249F5 /* RotateBadgeSymbol.swift */ = {isa = PBXFileReference; lastKnownFileType = sourcecode.swift; path = RotateBadgeSymbol.swift; sourceTree = "<group>"; };
		D65496ED268CE4D4009249F5 /* Badge.swift */ = {isa = PBXFileReference; lastKnownFileType = sourcecode.swift; path = Badge.swift; sourceTree = "<group>"; };
		D65496EF268CE689009249F5 /* hikeData.json */ = {isa = PBXFileReference; fileEncoding = 4; lastKnownFileType = text.json; path = hikeData.json; sourceTree = "<group>"; };
		D65496F3268CE6DB009249F5 /* Hike.swift */ = {isa = PBXFileReference; lastKnownFileType = sourcecode.swift; path = Hike.swift; sourceTree = "<group>"; };
		D65496F6268CE818009249F5 /* GraphCapsule.swift */ = {isa = PBXFileReference; fileEncoding = 4; lastKnownFileType = sourcecode.swift; path = GraphCapsule.swift; sourceTree = "<group>"; };
		D65496F7268CE818009249F5 /* HikeGraph.swift */ = {isa = PBXFileReference; fileEncoding = 4; lastKnownFileType = sourcecode.swift; path = HikeGraph.swift; sourceTree = "<group>"; };
		D65496F8268CE818009249F5 /* HikeDetail.swift */ = {isa = PBXFileReference; fileEncoding = 4; lastKnownFileType = sourcecode.swift; path = HikeDetail.swift; sourceTree = "<group>"; };
		D65496F9268CE818009249F5 /* HikeView.swift */ = {isa = PBXFileReference; fileEncoding = 4; lastKnownFileType = sourcecode.swift; path = HikeView.swift; sourceTree = "<group>"; };
		D65496FF268CEE9E009249F5 /* CategoryHome.swift */ = {isa = PBXFileReference; lastKnownFileType = sourcecode.swift; path = CategoryHome.swift; sourceTree = "<group>"; };
		D6549701268CF050009249F5 /* CategoryRow.swift */ = {isa = PBXFileReference; lastKnownFileType = sourcecode.swift; path = CategoryRow.swift; sourceTree = "<group>"; };
		D6549703268CF34B009249F5 /* CategoryItem.swift */ = {isa = PBXFileReference; lastKnownFileType = sourcecode.swift; path = CategoryItem.swift; sourceTree = "<group>"; };
		D6549705268CFB8B009249F5 /* Profile.swift */ = {isa = PBXFileReference; lastKnownFileType = sourcecode.swift; path = Profile.swift; sourceTree = "<group>"; };
		D6549708268CFBD4009249F5 /* ProfileHost.swift */ = {isa = PBXFileReference; lastKnownFileType = sourcecode.swift; path = ProfileHost.swift; sourceTree = "<group>"; };
		D654970A268CFC57009249F5 /* ProfileSummary.swift */ = {isa = PBXFileReference; lastKnownFileType = sourcecode.swift; path = ProfileSummary.swift; sourceTree = "<group>"; };
		D654970C268CFD72009249F5 /* HikeBadge.swift */ = {isa = PBXFileReference; lastKnownFileType = sourcecode.swift; path = HikeBadge.swift; sourceTree = "<group>"; };
		D654970E268D0247009249F5 /* ProfileEditor.swift */ = {isa = PBXFileReference; lastKnownFileType = sourcecode.swift; path = ProfileEditor.swift; sourceTree = "<group>"; };
		D6549711268D098F009249F5 /* PageViewController.swift */ = {isa = PBXFileReference; lastKnownFileType = sourcecode.swift; path = PageViewController.swift; sourceTree = "<group>"; };
		D6549713268D0AC3009249F5 /* FeaturedCard.swift */ = {isa = PBXFileReference; lastKnownFileType = sourcecode.swift; path = FeaturedCard.swift; sourceTree = "<group>"; };
		D6549715268D0B5D009249F5 /* PageView.swift */ = {isa = PBXFileReference; lastKnownFileType = sourcecode.swift; path = PageView.swift; sourceTree = "<group>"; };
		D6549717268D12BD009249F5 /* PageControl.swift */ = {isa = PBXFileReference; lastKnownFileType = sourcecode.swift; path = PageControl.swift; sourceTree = "<group>"; };
		D656608E268C03340094A4DD /* FavoriteButton.swift */ = {isa = PBXFileReference; lastKnownFileType = sourcecode.swift; path = FavoriteButton.swift; sourceTree = "<group>"; };
		D6B141B0268B88CC00A97FA6 /* CircleImage.swift */ = {isa = PBXFileReference; lastKnownFileType = sourcecode.swift; path = CircleImage.swift; sourceTree = "<group>"; };
		D6B141B2268B8AAD00A97FA6 /* MapView.swift */ = {isa = PBXFileReference; lastKnownFileType = sourcecode.swift; path = MapView.swift; sourceTree = "<group>"; };
		D6B141B4268B909B00A97FA6 /* landmarkData.json */ = {isa = PBXFileReference; fileEncoding = 4; lastKnownFileType = text.json; path = landmarkData.json; sourceTree = "<group>"; };
		D6B141B8268B90F000A97FA6 /* Landmark.swift */ = {isa = PBXFileReference; lastKnownFileType = sourcecode.swift; path = Landmark.swift; sourceTree = "<group>"; };
		D6B141BA268B911900A97FA6 /* LandmarksApp.swift */ = {isa = PBXFileReference; fileEncoding = 4; lastKnownFileType = sourcecode.swift; path = LandmarksApp.swift; sourceTree = "<group>"; };
		D6B141BC268BAA7800A97FA6 /* ModelData.swift */ = {isa = PBXFileReference; lastKnownFileType = sourcecode.swift; path = ModelData.swift; sourceTree = "<group>"; };
		D6B141C1268BACF300A97FA6 /* LandmarkRow.swift */ = {isa = PBXFileReference; lastKnownFileType = sourcecode.swift; path = LandmarkRow.swift; sourceTree = "<group>"; };
		D6B141C3268BC97700A97FA6 /* LandmarkList.swift */ = {isa = PBXFileReference; lastKnownFileType = sourcecode.swift; path = LandmarkList.swift; sourceTree = "<group>"; };
		D6B141C5268BCBB300A97FA6 /* LandmarkDetail.swift */ = {isa = PBXFileReference; lastKnownFileType = sourcecode.swift; path = LandmarkDetail.swift; sourceTree = "<group>"; };
		D6BA8C46268B7ED300CC53DD /* SiwftUI Tutorials.app */ = {isa = PBXFileReference; explicitFileType = wrapper.application; includeInIndex = 0; path = "SiwftUI Tutorials.app"; sourceTree = BUILT_PRODUCTS_DIR; };
		D6BA8C4B268B7ED300CC53DD /* ContentView.swift */ = {isa = PBXFileReference; lastKnownFileType = sourcecode.swift; path = ContentView.swift; sourceTree = "<group>"; };
		D6BA8C4D268B7ED400CC53DD /* Assets.xcassets */ = {isa = PBXFileReference; lastKnownFileType = folder.assetcatalog; path = Assets.xcassets; sourceTree = "<group>"; };
		D6BA8C50268B7ED400CC53DD /* Preview Assets.xcassets */ = {isa = PBXFileReference; lastKnownFileType = folder.assetcatalog; path = "Preview Assets.xcassets"; sourceTree = "<group>"; };
		D6BA8C52268B7ED400CC53DD /* Info.plist */ = {isa = PBXFileReference; lastKnownFileType = text.plist.xml; path = Info.plist; sourceTree = "<group>"; };
/* End PBXFileReference section */

/* Begin PBXFrameworksBuildPhase section */
		D6BA8C43268B7ED300CC53DD /* Frameworks */ = {
			isa = PBXFrameworksBuildPhase;
			buildActionMask = 2147483647;
			files = (
			);
			runOnlyForDeploymentPostprocessing = 0;
		};
/* End PBXFrameworksBuildPhase section */

/* Begin PBXGroup section */
		D65496EC268CE4C0009249F5 /* Hexagon */ = {
			isa = PBXGroup;
			children = (
				D65496E3268CD133009249F5 /* HexagonParameters.swift */,
				D65496E5268CD3DA009249F5 /* BadgeBackground.swift */,
				D65496E7268CE31C009249F5 /* BadgeSymbol.swift */,
				D65496E9268CE439009249F5 /* RotateBadgeSymbol.swift */,
				D65496ED268CE4D4009249F5 /* Badge.swift */,
			);
			path = Hexagon;
			sourceTree = "<group>";
		};
		D65496F5268CE818009249F5 /* Hikes */ = {
			isa = PBXGroup;
			children = (
				D65496F6268CE818009249F5 /* GraphCapsule.swift */,
				D65496F7268CE818009249F5 /* HikeGraph.swift */,
				D65496F8268CE818009249F5 /* HikeDetail.swift */,
				D65496F9268CE818009249F5 /* HikeView.swift */,
				D654970C268CFD72009249F5 /* HikeBadge.swift */,
			);
			path = Hikes;
			sourceTree = "<group>";
		};
		D65496FE268CEE7F009249F5 /* Categories */ = {
			isa = PBXGroup;
			children = (
				D65496FF268CEE9E009249F5 /* CategoryHome.swift */,
				D6549701268CF050009249F5 /* CategoryRow.swift */,
				D6549703268CF34B009249F5 /* CategoryItem.swift */,
			);
			path = Categories;
			sourceTree = "<group>";
		};
		D6549707268CFBA3009249F5 /* Profile */ = {
			isa = PBXGroup;
			children = (
				D6549708268CFBD4009249F5 /* ProfileHost.swift */,
				D654970A268CFC57009249F5 /* ProfileSummary.swift */,
				D654970E268D0247009249F5 /* ProfileEditor.swift */,
			);
			path = Profile;
			sourceTree = "<group>";
		};
		D6549710268D094F009249F5 /* PageView */ = {
			isa = PBXGroup;
			children = (
				D6549711268D098F009249F5 /* PageViewController.swift */,
				D6549713268D0AC3009249F5 /* FeaturedCard.swift */,
				D6549715268D0B5D009249F5 /* PageView.swift */,
				D6549717268D12BD009249F5 /* PageControl.swift */,
			);
			path = PageView;
			sourceTree = "<group>";
		};
		D6566090268C04250094A4DD /* Landmarks */ = {
			isa = PBXGroup;
			children = (
				D6B141C1268BACF300A97FA6 /* LandmarkRow.swift */,
				D6B141C3268BC97700A97FA6 /* LandmarkList.swift */,
				D6B141C5268BCBB300A97FA6 /* LandmarkDetail.swift */,
			);
			path = Landmarks;
			sourceTree = "<group>";
		};
		D6566091268C04470094A4DD /* Helpers */ = {
			isa = PBXGroup;
			children = (
				D6B141B0268B88CC00A97FA6 /* CircleImage.swift */,
				D6B141B2268B8AAD00A97FA6 /* MapView.swift */,
				D656608E268C03340094A4DD /* FavoriteButton.swift */,
			);
			path = Helpers;
			sourceTree = "<group>";
		};
		D6B141BE268BAC4E00A97FA6 /* Views */ = {
			isa = PBXGroup;
			children = (
				D6BA8C4B268B7ED300CC53DD /* ContentView.swift */,
				D6549710268D094F009249F5 /* PageView */,
				D6549707268CFBA3009249F5 /* Profile */,
				D65496FE268CEE7F009249F5 /* Categories */,
				D6566091268C04470094A4DD /* Helpers */,
				D6566090268C04250094A4DD /* Landmarks */,
				D65496EC268CE4C0009249F5 /* Hexagon */,
				D65496F5268CE818009249F5 /* Hikes */,
			);
			path = Views;
			sourceTree = "<group>";
		};
		D6B141BF268BAC5F00A97FA6 /* Model */ = {
			isa = PBXGroup;
			children = (
				D6B141BC268BAA7800A97FA6 /* ModelData.swift */,
				D65496F3268CE6DB009249F5 /* Hike.swift */,
				D6B141B8268B90F000A97FA6 /* Landmark.swift */,
				D6549705268CFB8B009249F5 /* Profile.swift */,
			);
			path = Model;
			sourceTree = "<group>";
		};
		D6B141C0268BAC6A00A97FA6 /* Resources */ = {
			isa = PBXGroup;
			children = (
				D65496EF268CE689009249F5 /* hikeData.json */,
				D6B141B4268B909B00A97FA6 /* landmarkData.json */,
			);
			path = Resources;
			sourceTree = "<group>";
		};
		D6BA8C3D268B7ED300CC53DD = {
			isa = PBXGroup;
			children = (
				D6BA8C48268B7ED300CC53DD /* SiwftUI Tutorials */,
				D6BA8C47268B7ED300CC53DD /* Products */,
			);
			sourceTree = "<group>";
		};
		D6BA8C47268B7ED300CC53DD /* Products */ = {
			isa = PBXGroup;
			children = (
				D6BA8C46268B7ED300CC53DD /* SiwftUI Tutorials.app */,
			);
			name = Products;
			sourceTree = "<group>";
		};
		D6BA8C48268B7ED300CC53DD /* SiwftUI Tutorials */ = {
			isa = PBXGroup;
			children = (
				D6B141BA268B911900A97FA6 /* LandmarksApp.swift */,
				D6B141BF268BAC5F00A97FA6 /* Model */,
				D6B141BE268BAC4E00A97FA6 /* Views */,
				D6B141C0268BAC6A00A97FA6 /* Resources */,
				D6BA8C4D268B7ED400CC53DD /* Assets.xcassets */,
				D6BA8C52268B7ED400CC53DD /* Info.plist */,
				D6BA8C4F268B7ED400CC53DD /* Preview Content */,
			);
			path = "SiwftUI Tutorials";
			sourceTree = "<group>";
		};
		D6BA8C4F268B7ED400CC53DD /* Preview Content */ = {
			isa = PBXGroup;
			children = (
				D6BA8C50268B7ED400CC53DD /* Preview Assets.xcassets */,
			);
			path = "Preview Content";
			sourceTree = "<group>";
		};
/* End PBXGroup section */

/* Begin PBXNativeTarget section */
		D6BA8C45268B7ED300CC53DD /* SiwftUI Tutorials */ = {
			isa = PBXNativeTarget;
			buildConfigurationList = D6BA8C55268B7ED400CC53DD /* Build configuration list for PBXNativeTarget "SiwftUI Tutorials" */;
			buildPhases = (
				D6BA8C42268B7ED300CC53DD /* Sources */,
				D6BA8C43268B7ED300CC53DD /* Frameworks */,
				D6BA8C44268B7ED300CC53DD /* Resources */,
			);
			buildRules = (
			);
			dependencies = (
			);
			name = "SiwftUI Tutorials";
			productName = "SiwftUI Tutorials";
			productReference = D6BA8C46268B7ED300CC53DD /* SiwftUI Tutorials.app */;
			productType = "com.apple.product-type.application";
		};
/* End PBXNativeTarget section */

/* Begin PBXProject section */
		D6BA8C3E268B7ED300CC53DD /* Project object */ = {
			isa = PBXProject;
			attributes = {
				LastSwiftUpdateCheck = 1250;
				LastUpgradeCheck = 1250;
				TargetAttributes = {
					D6BA8C45268B7ED300CC53DD = {
						CreatedOnToolsVersion = 12.5.1;
					};
				};
			};
			buildConfigurationList = D6BA8C41268B7ED300CC53DD /* Build configuration list for PBXProject "SiwftUI Tutorials" */;
			compatibilityVersion = "Xcode 9.3";
			developmentRegion = en;
			hasScannedForEncodings = 0;
			knownRegions = (
				en,
				Base,
			);
			mainGroup = D6BA8C3D268B7ED300CC53DD;
			productRefGroup = D6BA8C47268B7ED300CC53DD /* Products */;
			projectDirPath = "";
			projectRoot = "";
			targets = (
				D6BA8C45268B7ED300CC53DD /* SiwftUI Tutorials */,
			);
		};
/* End PBXProject section */

/* Begin PBXResourcesBuildPhase section */
		D6BA8C44268B7ED300CC53DD /* Resources */ = {
			isa = PBXResourcesBuildPhase;
			buildActionMask = 2147483647;
			files = (
				D65496F0268CE689009249F5 /* hikeData.json in Resources */,
				D6BA8C51268B7ED400CC53DD /* Preview Assets.xcassets in Resources */,
				D6BA8C4E268B7ED400CC53DD /* Assets.xcassets in Resources */,
				D6B141B5268B909B00A97FA6 /* landmarkData.json in Resources */,
			);
			runOnlyForDeploymentPostprocessing = 0;
		};
/* End PBXResourcesBuildPhase section */

/* Begin PBXSourcesBuildPhase section */
		D6BA8C42268B7ED300CC53DD /* Sources */ = {
			isa = PBXSourcesBuildPhase;
			buildActionMask = 2147483647;
			files = (
				D6549702268CF050009249F5 /* CategoryRow.swift in Sources */,
				D6549714268D0AC3009249F5 /* FeaturedCard.swift in Sources */,
				D6549706268CFB8B009249F5 /* Profile.swift in Sources */,
				D6BA8C4C268B7ED300CC53DD /* ContentView.swift in Sources */,
				D6549700268CEE9E009249F5 /* CategoryHome.swift in Sources */,
				D65496FB268CE818009249F5 /* HikeGraph.swift in Sources */,
				D65496EE268CE4D4009249F5 /* Badge.swift in Sources */,
				D6B141BB268B911900A97FA6 /* LandmarksApp.swift in Sources */,
				D65496FA268CE818009249F5 /* GraphCapsule.swift in Sources */,
				D65496EA268CE439009249F5 /* RotateBadgeSymbol.swift in Sources */,
				D6549718268D12BD009249F5 /* PageControl.swift in Sources */,
				D6B141B3268B8AAD00A97FA6 /* MapView.swift in Sources */,
				D6549704268CF34B009249F5 /* CategoryItem.swift in Sources */,
				D65496FC268CE818009249F5 /* HikeDetail.swift in Sources */,
				D654970B268CFC57009249F5 /* ProfileSummary.swift in Sources */,
				D656608F268C03340094A4DD /* FavoriteButton.swift in Sources */,
				D6549709268CFBD4009249F5 /* ProfileHost.swift in Sources */,
				D65496F4268CE6DB009249F5 /* Hike.swift in Sources */,
				D65496E4268CD133009249F5 /* HexagonParameters.swift in Sources */,
				D6549716268D0B5D009249F5 /* PageView.swift in Sources */,
				D65496E8268CE31C009249F5 /* BadgeSymbol.swift in Sources */,
				D654970F268D0247009249F5 /* ProfileEditor.swift in Sources */,
				D6B141C4268BC97700A97FA6 /* LandmarkList.swift in Sources */,
				D65496FD268CE818009249F5 /* HikeView.swift in Sources */,
				D6B141C6268BCBB300A97FA6 /* LandmarkDetail.swift in Sources */,
				D6549712268D098F009249F5 /* PageViewController.swift in Sources */,
				D65496E6268CD3DA009249F5 /* BadgeBackground.swift in Sources */,
				D654970D268CFD72009249F5 /* HikeBadge.swift in Sources */,
				D6B141B1268B88CC00A97FA6 /* CircleImage.swift in Sources */,
				D6B141B9268B90F000A97FA6 /* Landmark.swift in Sources */,
				D6B141C2268BACF300A97FA6 /* LandmarkRow.swift in Sources */,
				D6B141BD268BAA7800A97FA6 /* ModelData.swift in Sources */,
			);
			runOnlyForDeploymentPostprocessing = 0;
		};
/* End PBXSourcesBuildPhase section */

/* Begin XCBuildConfiguration section */
		D6BA8C53268B7ED400CC53DD /* Debug */ = {
			isa = XCBuildConfiguration;
			buildSettings = {
				ALWAYS_SEARCH_USER_PATHS = NO;
				CLANG_ANALYZER_NONNULL = YES;
				CLANG_ANALYZER_NUMBER_OBJECT_CONVERSION = YES_AGGRESSIVE;
				CLANG_CXX_LANGUAGE_STANDARD = "gnu++14";
				CLANG_CXX_LIBRARY = "libc++";
				CLANG_ENABLE_MODULES = YES;
				CLANG_ENABLE_OBJC_ARC = YES;
				CLANG_ENABLE_OBJC_WEAK = YES;
				CLANG_WARN_BLOCK_CAPTURE_AUTORELEASING = YES;
				CLANG_WARN_BOOL_CONVERSION = YES;
				CLANG_WARN_COMMA = YES;
				CLANG_WARN_CONSTANT_CONVERSION = YES;
				CLANG_WARN_DEPRECATED_OBJC_IMPLEMENTATIONS = YES;
				CLANG_WARN_DIRECT_OBJC_ISA_USAGE = YES_ERROR;
				CLANG_WARN_DOCUMENTATION_COMMENTS = YES;
				CLANG_WARN_EMPTY_BODY = YES;
				CLANG_WARN_ENUM_CONVERSION = YES;
				CLANG_WARN_INFINITE_RECURSION = YES;
				CLANG_WARN_INT_CONVERSION = YES;
				CLANG_WARN_NON_LITERAL_NULL_CONVERSION = YES;
				CLANG_WARN_OBJC_IMPLICIT_RETAIN_SELF = YES;
				CLANG_WARN_OBJC_LITERAL_CONVERSION = YES;
				CLANG_WARN_OBJC_ROOT_CLASS = YES_ERROR;
				CLANG_WARN_QUOTED_INCLUDE_IN_FRAMEWORK_HEADER = YES;
				CLANG_WARN_RANGE_LOOP_ANALYSIS = YES;
				CLANG_WARN_STRICT_PROTOTYPES = YES;
				CLANG_WARN_SUSPICIOUS_MOVE = YES;
				CLANG_WARN_UNGUARDED_AVAILABILITY = YES_AGGRESSIVE;
				CLANG_WARN_UNREACHABLE_CODE = YES;
				CLANG_WARN__DUPLICATE_METHOD_MATCH = YES;
				COPY_PHASE_STRIP = NO;
				DEBUG_INFORMATION_FORMAT = dwarf;
				ENABLE_STRICT_OBJC_MSGSEND = YES;
				ENABLE_TESTABILITY = YES;
				GCC_C_LANGUAGE_STANDARD = gnu11;
				GCC_DYNAMIC_NO_PIC = NO;
				GCC_NO_COMMON_BLOCKS = YES;
				GCC_OPTIMIZATION_LEVEL = 0;
				GCC_PREPROCESSOR_DEFINITIONS = (
					"DEBUG=1",
					"$(inherited)",
				);
				GCC_WARN_64_TO_32_BIT_CONVERSION = YES;
				GCC_WARN_ABOUT_RETURN_TYPE = YES_ERROR;
				GCC_WARN_UNDECLARED_SELECTOR = YES;
				GCC_WARN_UNINITIALIZED_AUTOS = YES_AGGRESSIVE;
				GCC_WARN_UNUSED_FUNCTION = YES;
				GCC_WARN_UNUSED_VARIABLE = YES;
				IPHONEOS_DEPLOYMENT_TARGET = 14.5;
				MTL_ENABLE_DEBUG_INFO = INCLUDE_SOURCE;
				MTL_FAST_MATH = YES;
				ONLY_ACTIVE_ARCH = YES;
				SDKROOT = iphoneos;
				SWIFT_ACTIVE_COMPILATION_CONDITIONS = DEBUG;
				SWIFT_OPTIMIZATION_LEVEL = "-Onone";
			};
			name = Debug;
		};
		D6BA8C54268B7ED400CC53DD /* Release */ = {
			isa = XCBuildConfiguration;
			buildSettings = {
				ALWAYS_SEARCH_USER_PATHS = NO;
				CLANG_ANALYZER_NONNULL = YES;
				CLANG_ANALYZER_NUMBER_OBJECT_CONVERSION = YES_AGGRESSIVE;
				CLANG_CXX_LANGUAGE_STANDARD = "gnu++14";
				CLANG_CXX_LIBRARY = "libc++";
				CLANG_ENABLE_MODULES = YES;
				CLANG_ENABLE_OBJC_ARC = YES;
				CLANG_ENABLE_OBJC_WEAK = YES;
				CLANG_WARN_BLOCK_CAPTURE_AUTORELEASING = YES;
				CLANG_WARN_BOOL_CONVERSION = YES;
				CLANG_WARN_COMMA = YES;
				CLANG_WARN_CONSTANT_CONVERSION = YES;
				CLANG_WARN_DEPRECATED_OBJC_IMPLEMENTATIONS = YES;
				CLANG_WARN_DIRECT_OBJC_ISA_USAGE = YES_ERROR;
				CLANG_WARN_DOCUMENTATION_COMMENTS = YES;
				CLANG_WARN_EMPTY_BODY = YES;
				CLANG_WARN_ENUM_CONVERSION = YES;
				CLANG_WARN_INFINITE_RECURSION = YES;
				CLANG_WARN_INT_CONVERSION = YES;
				CLANG_WARN_NON_LITERAL_NULL_CONVERSION = YES;
				CLANG_WARN_OBJC_IMPLICIT_RETAIN_SELF = YES;
				CLANG_WARN_OBJC_LITERAL_CONVERSION = YES;
				CLANG_WARN_OBJC_ROOT_CLASS = YES_ERROR;
				CLANG_WARN_QUOTED_INCLUDE_IN_FRAMEWORK_HEADER = YES;
				CLANG_WARN_RANGE_LOOP_ANALYSIS = YES;
				CLANG_WARN_STRICT_PROTOTYPES = YES;
				CLANG_WARN_SUSPICIOUS_MOVE = YES;
				CLANG_WARN_UNGUARDED_AVAILABILITY = YES_AGGRESSIVE;
				CLANG_WARN_UNREACHABLE_CODE = YES;
				CLANG_WARN__DUPLICATE_METHOD_MATCH = YES;
				COPY_PHASE_STRIP = NO;
				DEBUG_INFORMATION_FORMAT = "dwarf-with-dsym";
				ENABLE_NS_ASSERTIONS = NO;
				ENABLE_STRICT_OBJC_MSGSEND = YES;
				GCC_C_LANGUAGE_STANDARD = gnu11;
				GCC_NO_COMMON_BLOCKS = YES;
				GCC_WARN_64_TO_32_BIT_CONVERSION = YES;
				GCC_WARN_ABOUT_RETURN_TYPE = YES_ERROR;
				GCC_WARN_UNDECLARED_SELECTOR = YES;
				GCC_WARN_UNINITIALIZED_AUTOS = YES_AGGRESSIVE;
				GCC_WARN_UNUSED_FUNCTION = YES;
				GCC_WARN_UNUSED_VARIABLE = YES;
				IPHONEOS_DEPLOYMENT_TARGET = 14.5;
				MTL_ENABLE_DEBUG_INFO = NO;
				MTL_FAST_MATH = YES;
				SDKROOT = iphoneos;
				SWIFT_COMPILATION_MODE = wholemodule;
				SWIFT_OPTIMIZATION_LEVEL = "-O";
				VALIDATE_PRODUCT = YES;
			};
			name = Release;
		};
		D6BA8C56268B7ED400CC53DD /* Debug */ = {
			isa = XCBuildConfiguration;
			buildSettings = {
				ASSETCATALOG_COMPILER_APPICON_NAME = AppIcon;
				ASSETCATALOG_COMPILER_GLOBAL_ACCENT_COLOR_NAME = AccentColor;
				CODE_SIGN_STYLE = Automatic;
				DEVELOPMENT_ASSET_PATHS = "\"SiwftUI Tutorials/Preview Content\"";
				DEVELOPMENT_TEAM = SJG2A7QTCS;
				ENABLE_PREVIEWS = YES;
				INFOPLIST_FILE = "SiwftUI Tutorials/Info.plist";
				IPHONEOS_DEPLOYMENT_TARGET = 14.0;
				LD_RUNPATH_SEARCH_PATHS = (
					"$(inherited)",
					"@executable_path/Frameworks",
				);
				PRODUCT_BUNDLE_IDENTIFIER = "com.ceban-coding.SiwftUI-Tutorials";
				PRODUCT_NAME = "$(TARGET_NAME)";
				SWIFT_VERSION = 5.0;
				TARGETED_DEVICE_FAMILY = "1,2";
			};
			name = Debug;
		};
		D6BA8C57268B7ED400CC53DD /* Release */ = {
			isa = XCBuildConfiguration;
			buildSettings = {
				ASSETCATALOG_COMPILER_APPICON_NAME = AppIcon;
				ASSETCATALOG_COMPILER_GLOBAL_ACCENT_COLOR_NAME = AccentColor;
				CODE_SIGN_STYLE = Automatic;
				DEVELOPMENT_ASSET_PATHS = "\"SiwftUI Tutorials/Preview Content\"";
				DEVELOPMENT_TEAM = SJG2A7QTCS;
				ENABLE_PREVIEWS = YES;
				INFOPLIST_FILE = "SiwftUI Tutorials/Info.plist";
				IPHONEOS_DEPLOYMENT_TARGET = 14.0;
				LD_RUNPATH_SEARCH_PATHS = (
					"$(inherited)",
					"@executable_path/Frameworks",
				);
				PRODUCT_BUNDLE_IDENTIFIER = "com.ceban-coding.SiwftUI-Tutorials";
				PRODUCT_NAME = "$(TARGET_NAME)";
				SWIFT_VERSION = 5.0;
				TARGETED_DEVICE_FAMILY = "1,2";
			};
			name = Release;
		};
/* End XCBuildConfiguration section */

/* Begin XCConfigurationList section */
		D6BA8C41268B7ED300CC53DD /* Build configuration list for PBXProject "SiwftUI Tutorials" */ = {
			isa = XCConfigurationList;
			buildConfigurations = (
				D6BA8C53268B7ED400CC53DD /* Debug */,
				D6BA8C54268B7ED400CC53DD /* Release */,
			);
			defaultConfigurationIsVisible = 0;
			defaultConfigurationName = Release;
		};
		D6BA8C55268B7ED400CC53DD /* Build configuration list for PBXNativeTarget "SiwftUI Tutorials" */ = {
			isa = XCConfigurationList;
			buildConfigurations = (
				D6BA8C56268B7ED400CC53DD /* Debug */,
				D6BA8C57268B7ED400CC53DD /* Release */,
			);
			defaultConfigurationIsVisible = 0;
			defaultConfigurationName = Release;
		};
/* End XCConfigurationList section */
	};
	rootObject = D6BA8C3E268B7ED300CC53DD /* Project object */;
}
